
Microsoft Visual Studio Solution File, Format Version 12.00
# Visual Studio 15
VisualStudioVersion = 15.0.27428.2043
MinimumVisualStudioVersion = 10.0.40219.1
Project("{FAE04EC0-301F-11D3-BF4B-00C04F79EFBC}") = "Geb.Utils.Csmacro", "src\Geb.Utils.Csmacro\Geb.Utils.Csmacro.csproj", "{E0DB0803-DE18-46F8-A6FC-703EED3DE521}"
EndProject
Project("{FAE04EC0-301F-11D3-BF4B-00C04F79EFBC}") = "Geb.Utils", "src\Geb.Utils\Geb.Utils.csproj", "{7F0D810B-237F-46EC-8A99-227FAC4574BC}"
EndProject
Global
	GlobalSection(SolutionConfigurationPlatforms) = preSolution
		Debug|Any CPU = Debug|Any CPU
		Release|Any CPU = Release|Any CPU
	EndGlobalSection
	GlobalSection(ProjectConfigurationPlatforms) = postSolution
		{E0DB0803-DE18-46F8-A6FC-703EED3DE521}.Debug|Any CPU.ActiveCfg = Debug|Any CPU
		{E0DB0803-DE18-46F8-A6FC-703EED3DE521}.Debug|Any CPU.Build.0 = Debug|Any CPU
		{E0DB0803-DE18-46F8-A6FC-703EED3DE521}.Release|Any CPU.ActiveCfg = Release|Any CPU
		{E0DB0803-DE18-46F8-A6FC-703EED3DE521}.Release|Any CPU.Build.0 = Release|Any CPU
		{7F0D810B-237F-46EC-8A99-227FAC4574BC}.Debug|Any CPU.ActiveCfg = Debug|Any CPU
		{7F0D810B-237F-46EC-8A99-227FAC4574BC}.Debug|Any CPU.Build.0 = Debug|Any CPU
		{7F0D810B-237F-46EC-8A99-227FAC4574BC}.Release|Any CPU.ActiveCfg = Release|Any CPU
		{7F0D810B-237F-46EC-8A99-227FAC4574BC}.Release|Any CPU.Build.0 = Release|Any CPU
	EndGlobalSection
	GlobalSection(SolutionProperties) = preSolution
		HideSolutionNode = FALSE
	EndGlobalSection
	GlobalSection(ExtensibilityGlobals) = postSolution
		SolutionGuid = {063CD127-EB0B-48DE-B241-A0E80F05AE0F}
	EndGlobalSection
EndGlobal
