
Microsoft Visual Studio Solution File, Format Version 12.00
# Visual Studio 2012
Project("{FAE04EC0-301F-11D3-BF4B-00C04F79EFBC}") = "ArgParseSharp", "ArgParseSharp\ArgParseSharp.csproj", "{958CE889-9517-408C-A9ED-2791C3ACF301}"
EndProject
Project("{FAE04EC0-301F-11D3-BF4B-00C04F79EFBC}") = "Tests", "Tests\Tests.csproj", "{08417F39-6BD7-401B-98DC-235726654767}"
EndProject
Global
	GlobalSection(SolutionConfigurationPlatforms) = preSolution
		Debug|Any CPU = Debug|Any CPU
		Release|Any CPU = Release|Any CPU
	EndGlobalSection
	GlobalSection(ProjectConfigurationPlatforms) = postSolution
		{08417F39-6BD7-401B-98DC-235726654767}.Debug|Any CPU.ActiveCfg = Debug|Any CPU
		{08417F39-6BD7-401B-98DC-235726654767}.Debug|Any CPU.Build.0 = Debug|Any CPU
		{08417F39-6BD7-401B-98DC-235726654767}.Release|Any CPU.ActiveCfg = Release|Any CPU
		{08417F39-6BD7-401B-98DC-235726654767}.Release|Any CPU.Build.0 = Release|Any CPU
		{958CE889-9517-408C-A9ED-2791C3ACF301}.Debug|Any CPU.ActiveCfg = Debug|Any CPU
		{958CE889-9517-408C-A9ED-2791C3ACF301}.Debug|Any CPU.Build.0 = Debug|Any CPU
		{958CE889-9517-408C-A9ED-2791C3ACF301}.Release|Any CPU.ActiveCfg = Release|Any CPU
		{958CE889-9517-408C-A9ED-2791C3ACF301}.Release|Any CPU.Build.0 = Release|Any CPU
	EndGlobalSection
	GlobalSection(MonoDevelopProperties) = preSolution
		Policies = $0
		$0.DotNetNamingPolicy = $1
		$1.DirectoryNamespaceAssociation = None
		$1.ResourceNamePolicy = FileFormatDefault
		$0.TextStylePolicy = $2
		$2.inheritsSet = null
		$2.scope = text/x-csharp
		$0.CSharpFormattingPolicy = $3
		$3.IndentSwitchBody = True
		$3.ClassBraceStyle = EndOfLine
		$3.InterfaceBraceStyle = EndOfLine
		$3.StructBraceStyle = EndOfLine
		$3.EnumBraceStyle = EndOfLine
		$3.MethodBraceStyle = EndOfLine
		$3.ConstructorBraceStyle = EndOfLine
		$3.DestructorBraceStyle = EndOfLine
		$3.PropertyBraceStyle = NextLine
		$3.SimpleGetBlockFormatting = ForceNewLine
		$3.SimpleSetBlockFormatting = ForceNewLine
		$3.EventBraceStyle = NextLine
		$3.AllowEventAddBlockInline = False
		$3.ElseNewLinePlacement = NewLine
		$3.CatchNewLinePlacement = NewLine
		$3.FinallyNewLinePlacement = NewLine
		$3.BeforeMethodDeclarationParentheses = False
		$3.BeforeMethodCallParentheses = False
		$3.BeforeConstructorDeclarationParentheses = False
		$3.BeforeIndexerDeclarationBracket = False
		$3.BeforeDelegateDeclarationParentheses = False
		$3.AfterDelegateDeclarationParameterComma = True
		$3.NewParentheses = False
		$3.SpacesBeforeBrackets = False
		$3.BlankLinesBeforeUsings = 1
		$3.MethodCallArgumentWrapping = WrapIfTooLong
		$3.NewLineAferMethodCallOpenParentheses = NewLine
		$3.MethodCallClosingParenthesesOnNewLine = NewLine
		$3.MethodDeclarationParameterWrapping = WrapIfTooLong
		$3.NewLineAferMethodDeclarationOpenParentheses = NewLine
		$3.MethodDeclarationClosingParenthesesOnNewLine = NewLine
		$3.AlignToFirstMethodDeclarationParameter = False
		$3.IndexerDeclarationParameterWrapping = WrapIfTooLong
		$3.NewLineAferIndexerDeclarationOpenBracket = NewLine
		$3.IndexerDeclarationClosingBracketOnNewLine = NewLine
		$3.AlignToFirstIndexerDeclarationParameter = False
		$3.IndexerArgumentWrapping = WrapIfTooLong
		$3.NewLineAferIndexerOpenBracket = NewLine
		$3.IndexerClosingBracketOnNewLine = NewLine
		$3.inheritsSet = Mono
		$3.inheritsScope = text/x-csharp
		$3.scope = text/x-csharp
		$0.TextStylePolicy = $4
		$4.FileWidth = 120
		$4.TabsToSpaces = False
		$4.EolMarker = Unix
		$4.inheritsSet = VisualStudio
		$4.inheritsScope = text/plain
		$4.scope = text/plain
	EndGlobalSection
EndGlobal
